
Microsoft Visual Studio Solution File, Format Version 12.00
# Visual Studio Version 17
VisualStudioVersion = 17.1.32319.34
MinimumVisualStudioVersion = 10.0.40219.1
Project("{F184B08F-C81C-45F6-A57F-5ABD9991F28F}") = "EventosDesktop", "EventosDesktop.vbproj", "{B0AEFA9D-5C19-47ED-8509-526B0A5EC835}"
EndProject
Global
	GlobalSection(SolutionConfigurationPlatforms) = preSolution
		Debug|Any CPU = Debug|Any CPU
		Release|Any CPU = Release|Any CPU
	EndGlobalSection
	GlobalSection(ProjectConfigurationPlatforms) = postSolution
		{B0AEFA9D-5C19-47ED-8509-526B0A5EC835}.Debug|Any CPU.ActiveCfg = Debug|Any CPU
		{B0AEFA9D-5C19-47ED-8509-526B0A5EC835}.Debug|Any CPU.Build.0 = Debug|Any CPU
		{B0AEFA9D-5C19-47ED-8509-526B0A5EC835}.Release|Any CPU.ActiveCfg = Release|Any CPU
		{B0AEFA9D-5C19-47ED-8509-526B0A5EC835}.Release|Any CPU.Build.0 = Release|Any CPU
	EndGlobalSection
	GlobalSection(SolutionProperties) = preSolution
		HideSolutionNode = FALSE
	EndGlobalSection
	GlobalSection(ExtensibilityGlobals) = postSolution
		SolutionGuid = {3EAA74A4-50A0-4ACF-AE53-0E0DC6E5DE71}
	EndGlobalSection
EndGlobal
